
Microsoft Visual Studio Solution File, Format Version 12.00
# Visual Studio Version 17
VisualStudioVersion = 17.8.34330.188
MinimumVisualStudioVersion = 10.0.40219.1
Project("{9A19103F-16F7-4668-BE54-9A1E7A4F7556}") = "TableTree.Web", "TableTree.Web\TableTree.Web.csproj", "{4CFDC111-6B3C-4DA6-923C-3854FF9BDFC4}"
EndProject
Project("{9A19103F-16F7-4668-BE54-9A1E7A4F7556}") = "TableTree.Data", "TableTree.Data\TableTree.Data.csproj", "{9CBF3227-7F57-4811-965A-6ED387A4193B}"
EndProject
Project("{2150E333-8FDC-42A3-9474-1A3956D46DE8}") = "Data", "Data", "{61CE23AC-8ECA-4CFC-8909-AB493F138FC3}"
EndProject
Project("{2150E333-8FDC-42A3-9474-1A3956D46DE8}") = "Web", "Web", "{2B0B702F-A6F7-4CA6-AA1F-62F47E9209E3}"
EndProject
Project("{9A19103F-16F7-4668-BE54-9A1E7A4F7556}") = "TableTree.Data.Models", "TableTree.Data.Models\TableTree.Data.Models.csproj", "{E5A019DD-8571-4119-9938-C195A595D979}"
EndProject
Project("{9A19103F-16F7-4668-BE54-9A1E7A4F7556}") = "TableTree.Common", "TableTree.Common\TableTree.Common.csproj", "{B82AE56C-5290-46C7-ADE1-E23C453443FB}"
EndProject
Project("{2150E333-8FDC-42A3-9474-1A3956D46DE8}") = "Services", "Services", "{A3B8C602-A8CC-4D6C-8A58-AFB16DE0CFFE}"
EndProject
Project("{9A19103F-16F7-4668-BE54-9A1E7A4F7556}") = "TableTree.Services.Data", "TableTree.Services.Data\TableTree.Services.Data.csproj", "{687A8A71-3BB0-4EC3-91F8-638A60038EE7}"
EndProject
Project("{9A19103F-16F7-4668-BE54-9A1E7A4F7556}") = "TableTree.Web.ViewModels", "TableTree.Web.ViewModels\TableTree.Web.ViewModels.csproj", "{77175EB8-9070-424B-8ACB-3A5DA0224EC8}"
EndProject
Project("{9A19103F-16F7-4668-BE54-9A1E7A4F7556}") = "TableTree.Web.Infrastructure", "TableTree.Web.Infrastructure\TableTree.Web.Infrastructure.csproj", "{5FB1614B-889C-49AF-973C-C9D15C75B8FA}"
EndProject
Project("{FAE04EC0-301F-11D3-BF4B-00C04F79EFBC}") = "TableTree.Services.Data.Testting", "TableTree.Tests\TableTree.Services.Data.Testting.csproj", "{61D764FD-6D65-46F3-959A-31C6689546D6}"
EndProject
Project("{2150E333-8FDC-42A3-9474-1A3956D46DE8}") = "Testing", "Testing", "{407ACAD0-7D27-45CD-8671-1810B41FCA9A}"
EndProject
Global
	GlobalSection(SolutionConfigurationPlatforms) = preSolution
		Debug|Any CPU = Debug|Any CPU
		Release|Any CPU = Release|Any CPU
	EndGlobalSection
	GlobalSection(ProjectConfigurationPlatforms) = postSolution
		{4CFDC111-6B3C-4DA6-923C-3854FF9BDFC4}.Debug|Any CPU.ActiveCfg = Debug|Any CPU
		{4CFDC111-6B3C-4DA6-923C-3854FF9BDFC4}.Debug|Any CPU.Build.0 = Debug|Any CPU
		{4CFDC111-6B3C-4DA6-923C-3854FF9BDFC4}.Release|Any CPU.ActiveCfg = Release|Any CPU
		{4CFDC111-6B3C-4DA6-923C-3854FF9BDFC4}.Release|Any CPU.Build.0 = Release|Any CPU
		{9CBF3227-7F57-4811-965A-6ED387A4193B}.Debug|Any CPU.ActiveCfg = Debug|Any CPU
		{9CBF3227-7F57-4811-965A-6ED387A4193B}.Debug|Any CPU.Build.0 = Debug|Any CPU
		{9CBF3227-7F57-4811-965A-6ED387A4193B}.Release|Any CPU.ActiveCfg = Release|Any CPU
		{9CBF3227-7F57-4811-965A-6ED387A4193B}.Release|Any CPU.Build.0 = Release|Any CPU
		{E5A019DD-8571-4119-9938-C195A595D979}.Debug|Any CPU.ActiveCfg = Debug|Any CPU
		{E5A019DD-8571-4119-9938-C195A595D979}.Debug|Any CPU.Build.0 = Debug|Any CPU
		{E5A019DD-8571-4119-9938-C195A595D979}.Release|Any CPU.ActiveCfg = Release|Any CPU
		{E5A019DD-8571-4119-9938-C195A595D979}.Release|Any CPU.Build.0 = Release|Any CPU
		{B82AE56C-5290-46C7-ADE1-E23C453443FB}.Debug|Any CPU.ActiveCfg = Debug|Any CPU
		{B82AE56C-5290-46C7-ADE1-E23C453443FB}.Debug|Any CPU.Build.0 = Debug|Any CPU
		{B82AE56C-5290-46C7-ADE1-E23C453443FB}.Release|Any CPU.ActiveCfg = Release|Any CPU
		{B82AE56C-5290-46C7-ADE1-E23C453443FB}.Release|Any CPU.Build.0 = Release|Any CPU
		{687A8A71-3BB0-4EC3-91F8-638A60038EE7}.Debug|Any CPU.ActiveCfg = Debug|Any CPU
		{687A8A71-3BB0-4EC3-91F8-638A60038EE7}.Debug|Any CPU.Build.0 = Debug|Any CPU
		{687A8A71-3BB0-4EC3-91F8-638A60038EE7}.Release|Any CPU.ActiveCfg = Release|Any CPU
		{687A8A71-3BB0-4EC3-91F8-638A60038EE7}.Release|Any CPU.Build.0 = Release|Any CPU
		{77175EB8-9070-424B-8ACB-3A5DA0224EC8}.Debug|Any CPU.ActiveCfg = Debug|Any CPU
		{77175EB8-9070-424B-8ACB-3A5DA0224EC8}.Debug|Any CPU.Build.0 = Debug|Any CPU
		{77175EB8-9070-424B-8ACB-3A5DA0224EC8}.Release|Any CPU.ActiveCfg = Release|Any CPU
		{77175EB8-9070-424B-8ACB-3A5DA0224EC8}.Release|Any CPU.Build.0 = Release|Any CPU
		{5FB1614B-889C-49AF-973C-C9D15C75B8FA}.Debug|Any CPU.ActiveCfg = Debug|Any CPU
		{5FB1614B-889C-49AF-973C-C9D15C75B8FA}.Debug|Any CPU.Build.0 = Debug|Any CPU
		{5FB1614B-889C-49AF-973C-C9D15C75B8FA}.Release|Any CPU.ActiveCfg = Release|Any CPU
		{5FB1614B-889C-49AF-973C-C9D15C75B8FA}.Release|Any CPU.Build.0 = Release|Any CPU
		{61D764FD-6D65-46F3-959A-31C6689546D6}.Debug|Any CPU.ActiveCfg = Debug|Any CPU
		{61D764FD-6D65-46F3-959A-31C6689546D6}.Debug|Any CPU.Build.0 = Debug|Any CPU
		{61D764FD-6D65-46F3-959A-31C6689546D6}.Release|Any CPU.ActiveCfg = Release|Any CPU
		{61D764FD-6D65-46F3-959A-31C6689546D6}.Release|Any CPU.Build.0 = Release|Any CPU
	EndGlobalSection
	GlobalSection(SolutionProperties) = preSolution
		HideSolutionNode = FALSE
	EndGlobalSection
	GlobalSection(NestedProjects) = preSolution
		{4CFDC111-6B3C-4DA6-923C-3854FF9BDFC4} = {2B0B702F-A6F7-4CA6-AA1F-62F47E9209E3}
		{9CBF3227-7F57-4811-965A-6ED387A4193B} = {61CE23AC-8ECA-4CFC-8909-AB493F138FC3}
		{E5A019DD-8571-4119-9938-C195A595D979} = {61CE23AC-8ECA-4CFC-8909-AB493F138FC3}
		{687A8A71-3BB0-4EC3-91F8-638A60038EE7} = {A3B8C602-A8CC-4D6C-8A58-AFB16DE0CFFE}
		{77175EB8-9070-424B-8ACB-3A5DA0224EC8} = {2B0B702F-A6F7-4CA6-AA1F-62F47E9209E3}
		{5FB1614B-889C-49AF-973C-C9D15C75B8FA} = {2B0B702F-A6F7-4CA6-AA1F-62F47E9209E3}
		{61D764FD-6D65-46F3-959A-31C6689546D6} = {407ACAD0-7D27-45CD-8671-1810B41FCA9A}
	EndGlobalSection
	GlobalSection(ExtensibilityGlobals) = postSolution
		SolutionGuid = {434DF2B0-71A9-48B3-B990-F86B29557074}
	EndGlobalSection
EndGlobal
